
Microsoft Visual Studio Solution File, Format Version 12.00
# Visual Studio Version 16
VisualStudioVersion = 16.0.29411.108
MinimumVisualStudioVersion = 10.0.40219.1
Project("{FAE04EC0-301F-11D3-BF4B-00C04F79EFBC}") = "Hoteles", "Hoteles\Hoteles.csproj", "{E9FCC8A5-12D7-45F0-8337-10C2E1C25BAA}"
EndProject
Global
	GlobalSection(SolutionConfigurationPlatforms) = preSolution
		Debug|Any CPU = Debug|Any CPU
		Release|Any CPU = Release|Any CPU
	EndGlobalSection
	GlobalSection(ProjectConfigurationPlatforms) = postSolution
		{E9FCC8A5-12D7-45F0-8337-10C2E1C25BAA}.Debug|Any CPU.ActiveCfg = Debug|Any CPU
		{E9FCC8A5-12D7-45F0-8337-10C2E1C25BAA}.Debug|Any CPU.Build.0 = Debug|Any CPU
		{E9FCC8A5-12D7-45F0-8337-10C2E1C25BAA}.Release|Any CPU.ActiveCfg = Release|Any CPU
		{E9FCC8A5-12D7-45F0-8337-10C2E1C25BAA}.Release|Any CPU.Build.0 = Release|Any CPU
	EndGlobalSection
	GlobalSection(SolutionProperties) = preSolution
		HideSolutionNode = FALSE
	EndGlobalSection
	GlobalSection(ExtensibilityGlobals) = postSolution
		SolutionGuid = {B770F40A-0ACB-433B-9614-6E51513B0532}
	EndGlobalSection
EndGlobal
